
Microsoft Visual Studio Solution File, Format Version 12.00
# Visual Studio Version 17
VisualStudioVersion = 17.0.32014.148
MinimumVisualStudioVersion = 10.0.40219.1
Project("{C7167F0D-BC9F-4E6E-AFE1-012C56B48DB5}") = "EmployeeManager.WinUI (Package)", "EmployeeManager.WinUI\EmployeeManager.WinUI (Package)\EmployeeManager.WinUI (Package).wapproj", "{A0389743-F8B1-4EB1-995D-EEBDE7A7BE93}"
EndProject
Project("{9A19103F-16F7-4668-BE54-9A1E7A4F7556}") = "EmployeeManager.WinUI", "EmployeeManager.WinUI\EmployeeManager.WinUI\EmployeeManager.WinUI.csproj", "{50B34A57-5F0E-45D7-A3C3-17F993D3D4C1}"
EndProject
Project("{2150E333-8FDC-42A3-9474-1A3956D46DE8}") = "Libraries", "Libraries", "{B8F2BF88-28A1-4BA5-BC35-4CACD9D385B5}"
EndProject
Project("{9A19103F-16F7-4668-BE54-9A1E7A4F7556}") = "EmployeeManager.Core", "EmployeeManager.Core\EmployeeManager.Core.csproj", "{08D701B6-7C6F-4F8F-96B3-70B80F44597E}"
EndProject
Project("{9A19103F-16F7-4668-BE54-9A1E7A4F7556}") = "EmployeeManager.Persistence", "EmployeeManager.Persistence\EmployeeManager.Persistence.csproj", "{D275B7EF-FD5D-4E42-8FB4-8D60EBAEAF46}"
EndProject
Project("{9A19103F-16F7-4668-BE54-9A1E7A4F7556}") = "EmployeeManager.ViewModel", "EmployeeManager.ViewModel\EmployeeManager.ViewModel.csproj", "{910B1ED4-4A1C-4D0E-8790-D7C633E2B944}"
EndProject
Project("{2150E333-8FDC-42A3-9474-1A3956D46DE8}") = "WinUI", "WinUI", "{3D888E8F-9024-4632-B8E8-55E5CD07DF18}"
EndProject
Project("{2150E333-8FDC-42A3-9474-1A3956D46DE8}") = "Wpf", "Wpf", "{24C3C2C7-ABA7-4409-818C-E47407406D10}"
EndProject
Project("{FAE04EC0-301F-11D3-BF4B-00C04F79EFBC}") = "EmployeeManager.Wpf", "EmployeeManager.Wpf\EmployeeManager.Wpf.csproj", "{CC000D7A-AF76-4C1D-8C63-5C99031978CE}"
EndProject
Global
	GlobalSection(SolutionConfigurationPlatforms) = preSolution
		Debug|Any CPU = Debug|Any CPU
		Debug|arm64 = Debug|arm64
		Debug|x64 = Debug|x64
		Debug|x86 = Debug|x86
		Release|Any CPU = Release|Any CPU
		Release|arm64 = Release|arm64
		Release|x64 = Release|x64
		Release|x86 = Release|x86
	EndGlobalSection
	GlobalSection(ProjectConfigurationPlatforms) = postSolution
		{A0389743-F8B1-4EB1-995D-EEBDE7A7BE93}.Debug|Any CPU.ActiveCfg = Debug|x64
		{A0389743-F8B1-4EB1-995D-EEBDE7A7BE93}.Debug|Any CPU.Build.0 = Debug|x64
		{A0389743-F8B1-4EB1-995D-EEBDE7A7BE93}.Debug|Any CPU.Deploy.0 = Debug|x64
		{A0389743-F8B1-4EB1-995D-EEBDE7A7BE93}.Debug|arm64.ActiveCfg = Debug|arm64
		{A0389743-F8B1-4EB1-995D-EEBDE7A7BE93}.Debug|arm64.Build.0 = Debug|arm64
		{A0389743-F8B1-4EB1-995D-EEBDE7A7BE93}.Debug|arm64.Deploy.0 = Debug|arm64
		{A0389743-F8B1-4EB1-995D-EEBDE7A7BE93}.Debug|x64.ActiveCfg = Debug|x64
		{A0389743-F8B1-4EB1-995D-EEBDE7A7BE93}.Debug|x64.Build.0 = Debug|x64
		{A0389743-F8B1-4EB1-995D-EEBDE7A7BE93}.Debug|x64.Deploy.0 = Debug|x64
		{A0389743-F8B1-4EB1-995D-EEBDE7A7BE93}.Debug|x86.ActiveCfg = Debug|x86
		{A0389743-F8B1-4EB1-995D-EEBDE7A7BE93}.Debug|x86.Build.0 = Debug|x86
		{A0389743-F8B1-4EB1-995D-EEBDE7A7BE93}.Debug|x86.Deploy.0 = Debug|x86
		{A0389743-F8B1-4EB1-995D-EEBDE7A7BE93}.Release|Any CPU.ActiveCfg = Release|x64
		{A0389743-F8B1-4EB1-995D-EEBDE7A7BE93}.Release|Any CPU.Build.0 = Release|x64
		{A0389743-F8B1-4EB1-995D-EEBDE7A7BE93}.Release|Any CPU.Deploy.0 = Release|x64
		{A0389743-F8B1-4EB1-995D-EEBDE7A7BE93}.Release|arm64.ActiveCfg = Release|arm64
		{A0389743-F8B1-4EB1-995D-EEBDE7A7BE93}.Release|arm64.Build.0 = Release|arm64
		{A0389743-F8B1-4EB1-995D-EEBDE7A7BE93}.Release|arm64.Deploy.0 = Release|arm64
		{A0389743-F8B1-4EB1-995D-EEBDE7A7BE93}.Release|x64.ActiveCfg = Release|x64
		{A0389743-F8B1-4EB1-995D-EEBDE7A7BE93}.Release|x64.Build.0 = Release|x64
		{A0389743-F8B1-4EB1-995D-EEBDE7A7BE93}.Release|x64.Deploy.0 = Release|x64
		{A0389743-F8B1-4EB1-995D-EEBDE7A7BE93}.Release|x86.ActiveCfg = Release|x86
		{A0389743-F8B1-4EB1-995D-EEBDE7A7BE93}.Release|x86.Build.0 = Release|x86
		{A0389743-F8B1-4EB1-995D-EEBDE7A7BE93}.Release|x86.Deploy.0 = Release|x86
		{50B34A57-5F0E-45D7-A3C3-17F993D3D4C1}.Debug|Any CPU.ActiveCfg = Debug|x64
		{50B34A57-5F0E-45D7-A3C3-17F993D3D4C1}.Debug|Any CPU.Build.0 = Debug|x64
		{50B34A57-5F0E-45D7-A3C3-17F993D3D4C1}.Debug|arm64.ActiveCfg = Debug|arm64
		{50B34A57-5F0E-45D7-A3C3-17F993D3D4C1}.Debug|arm64.Build.0 = Debug|arm64
		{50B34A57-5F0E-45D7-A3C3-17F993D3D4C1}.Debug|x64.ActiveCfg = Debug|x64
		{50B34A57-5F0E-45D7-A3C3-17F993D3D4C1}.Debug|x64.Build.0 = Debug|x64
		{50B34A57-5F0E-45D7-A3C3-17F993D3D4C1}.Debug|x86.ActiveCfg = Debug|x86
		{50B34A57-5F0E-45D7-A3C3-17F993D3D4C1}.Debug|x86.Build.0 = Debug|x86
		{50B34A57-5F0E-45D7-A3C3-17F993D3D4C1}.Release|Any CPU.ActiveCfg = Release|x64
		{50B34A57-5F0E-45D7-A3C3-17F993D3D4C1}.Release|Any CPU.Build.0 = Release|x64
		{50B34A57-5F0E-45D7-A3C3-17F993D3D4C1}.Release|arm64.ActiveCfg = Release|arm64
		{50B34A57-5F0E-45D7-A3C3-17F993D3D4C1}.Release|arm64.Build.0 = Release|arm64
		{50B34A57-5F0E-45D7-A3C3-17F993D3D4C1}.Release|x64.ActiveCfg = Release|x64
		{50B34A57-5F0E-45D7-A3C3-17F993D3D4C1}.Release|x64.Build.0 = Release|x64
		{50B34A57-5F0E-45D7-A3C3-17F993D3D4C1}.Release|x86.ActiveCfg = Release|x86
		{50B34A57-5F0E-45D7-A3C3-17F993D3D4C1}.Release|x86.Build.0 = Release|x86
		{08D701B6-7C6F-4F8F-96B3-70B80F44597E}.Debug|Any CPU.ActiveCfg = Debug|Any CPU
		{08D701B6-7C6F-4F8F-96B3-70B80F44597E}.Debug|Any CPU.Build.0 = Debug|Any CPU
		{08D701B6-7C6F-4F8F-96B3-70B80F44597E}.Debug|arm64.ActiveCfg = Debug|Any CPU
		{08D701B6-7C6F-4F8F-96B3-70B80F44597E}.Debug|arm64.Build.0 = Debug|Any CPU
		{08D701B6-7C6F-4F8F-96B3-70B80F44597E}.Debug|x64.ActiveCfg = Debug|Any CPU
		{08D701B6-7C6F-4F8F-96B3-70B80F44597E}.Debug|x64.Build.0 = Debug|Any CPU
		{08D701B6-7C6F-4F8F-96B3-70B80F44597E}.Debug|x86.ActiveCfg = Debug|Any CPU
		{08D701B6-7C6F-4F8F-96B3-70B80F44597E}.Debug|x86.Build.0 = Debug|Any CPU
		{08D701B6-7C6F-4F8F-96B3-70B80F44597E}.Release|Any CPU.ActiveCfg = Release|Any CPU
		{08D701B6-7C6F-4F8F-96B3-70B80F44597E}.Release|Any CPU.Build.0 = Release|Any CPU
		{08D701B6-7C6F-4F8F-96B3-70B80F44597E}.Release|arm64.ActiveCfg = Release|Any CPU
		{08D701B6-7C6F-4F8F-96B3-70B80F44597E}.Release|arm64.Build.0 = Release|Any CPU
		{08D701B6-7C6F-4F8F-96B3-70B80F44597E}.Release|x64.ActiveCfg = Release|Any CPU
		{08D701B6-7C6F-4F8F-96B3-70B80F44597E}.Release|x64.Build.0 = Release|Any CPU
		{08D701B6-7C6F-4F8F-96B3-70B80F44597E}.Release|x86.ActiveCfg = Release|Any CPU
		{08D701B6-7C6F-4F8F-96B3-70B80F44597E}.Release|x86.Build.0 = Release|Any CPU
		{D275B7EF-FD5D-4E42-8FB4-8D60EBAEAF46}.Debug|Any CPU.ActiveCfg = Debug|Any CPU
		{D275B7EF-FD5D-4E42-8FB4-8D60EBAEAF46}.Debug|Any CPU.Build.0 = Debug|Any CPU
		{D275B7EF-FD5D-4E42-8FB4-8D60EBAEAF46}.Debug|arm64.ActiveCfg = Debug|Any CPU
		{D275B7EF-FD5D-4E42-8FB4-8D60EBAEAF46}.Debug|arm64.Build.0 = Debug|Any CPU
		{D275B7EF-FD5D-4E42-8FB4-8D60EBAEAF46}.Debug|x64.ActiveCfg = Debug|Any CPU
		{D275B7EF-FD5D-4E42-8FB4-8D60EBAEAF46}.Debug|x64.Build.0 = Debug|Any CPU
		{D275B7EF-FD5D-4E42-8FB4-8D60EBAEAF46}.Debug|x86.ActiveCfg = Debug|Any CPU
		{D275B7EF-FD5D-4E42-8FB4-8D60EBAEAF46}.Debug|x86.Build.0 = Debug|Any CPU
		{D275B7EF-FD5D-4E42-8FB4-8D60EBAEAF46}.Release|Any CPU.ActiveCfg = Release|Any CPU
		{D275B7EF-FD5D-4E42-8FB4-8D60EBAEAF46}.Release|Any CPU.Build.0 = Release|Any CPU
		{D275B7EF-FD5D-4E42-8FB4-8D60EBAEAF46}.Release|arm64.ActiveCfg = Release|Any CPU
		{D275B7EF-FD5D-4E42-8FB4-8D60EBAEAF46}.Release|arm64.Build.0 = Release|Any CPU
		{D275B7EF-FD5D-4E42-8FB4-8D60EBAEAF46}.Release|x64.ActiveCfg = Release|Any CPU
		{D275B7EF-FD5D-4E42-8FB4-8D60EBAEAF46}.Release|x64.Build.0 = Release|Any CPU
		{D275B7EF-FD5D-4E42-8FB4-8D60EBAEAF46}.Release|x86.ActiveCfg = Release|Any CPU
		{D275B7EF-FD5D-4E42-8FB4-8D60EBAEAF46}.Release|x86.Build.0 = Release|Any CPU
		{910B1ED4-4A1C-4D0E-8790-D7C633E2B944}.Debug|Any CPU.ActiveCfg = Debug|Any CPU
		{910B1ED4-4A1C-4D0E-8790-D7C633E2B944}.Debug|Any CPU.Build.0 = Debug|Any CPU
		{910B1ED4-4A1C-4D0E-8790-D7C633E2B944}.Debug|arm64.ActiveCfg = Debug|Any CPU
		{910B1ED4-4A1C-4D0E-8790-D7C633E2B944}.Debug|arm64.Build.0 = Debug|Any CPU
		{910B1ED4-4A1C-4D0E-8790-D7C633E2B944}.Debug|x64.ActiveCfg = Debug|Any CPU
		{910B1ED4-4A1C-4D0E-8790-D7C633E2B944}.Debug|x64.Build.0 = Debug|Any CPU
		{910B1ED4-4A1C-4D0E-8790-D7C633E2B944}.Debug|x86.ActiveCfg = Debug|Any CPU
		{910B1ED4-4A1C-4D0E-8790-D7C633E2B944}.Debug|x86.Build.0 = Debug|Any CPU
		{910B1ED4-4A1C-4D0E-8790-D7C633E2B944}.Release|Any CPU.ActiveCfg = Release|Any CPU
		{910B1ED4-4A1C-4D0E-8790-D7C633E2B944}.Release|Any CPU.Build.0 = Release|Any CPU
		{910B1ED4-4A1C-4D0E-8790-D7C633E2B944}.Release|arm64.ActiveCfg = Release|Any CPU
		{910B1ED4-4A1C-4D0E-8790-D7C633E2B944}.Release|arm64.Build.0 = Release|Any CPU
		{910B1ED4-4A1C-4D0E-8790-D7C633E2B944}.Release|x64.ActiveCfg = Release|Any CPU
		{910B1ED4-4A1C-4D0E-8790-D7C633E2B944}.Release|x64.Build.0 = Release|Any CPU
		{910B1ED4-4A1C-4D0E-8790-D7C633E2B944}.Release|x86.ActiveCfg = Release|Any CPU
		{910B1ED4-4A1C-4D0E-8790-D7C633E2B944}.Release|x86.Build.0 = Release|Any CPU
		{CC000D7A-AF76-4C1D-8C63-5C99031978CE}.Debug|Any CPU.ActiveCfg = Debug|Any CPU
		{CC000D7A-AF76-4C1D-8C63-5C99031978CE}.Debug|Any CPU.Build.0 = Debug|Any CPU
		{CC000D7A-AF76-4C1D-8C63-5C99031978CE}.Debug|arm64.ActiveCfg = Debug|Any CPU
		{CC000D7A-AF76-4C1D-8C63-5C99031978CE}.Debug|arm64.Build.0 = Debug|Any CPU
		{CC000D7A-AF76-4C1D-8C63-5C99031978CE}.Debug|x64.ActiveCfg = Debug|Any CPU
		{CC000D7A-AF76-4C1D-8C63-5C99031978CE}.Debug|x64.Build.0 = Debug|Any CPU
		{CC000D7A-AF76-4C1D-8C63-5C99031978CE}.Debug|x86.ActiveCfg = Debug|Any CPU
		{CC000D7A-AF76-4C1D-8C63-5C99031978CE}.Debug|x86.Build.0 = Debug|Any CPU
		{CC000D7A-AF76-4C1D-8C63-5C99031978CE}.Release|Any CPU.ActiveCfg = Release|Any CPU
		{CC000D7A-AF76-4C1D-8C63-5C99031978CE}.Release|Any CPU.Build.0 = Release|Any CPU
		{CC000D7A-AF76-4C1D-8C63-5C99031978CE}.Release|arm64.ActiveCfg = Release|Any CPU
		{CC000D7A-AF76-4C1D-8C63-5C99031978CE}.Release|arm64.Build.0 = Release|Any CPU
		{CC000D7A-AF76-4C1D-8C63-5C99031978CE}.Release|x64.ActiveCfg = Release|Any CPU
		{CC000D7A-AF76-4C1D-8C63-5C99031978CE}.Release|x64.Build.0 = Release|Any CPU
		{CC000D7A-AF76-4C1D-8C63-5C99031978CE}.Release|x86.ActiveCfg = Release|Any CPU
		{CC000D7A-AF76-4C1D-8C63-5C99031978CE}.Release|x86.Build.0 = Release|Any CPU
	EndGlobalSection
	GlobalSection(SolutionProperties) = preSolution
		HideSolutionNode = FALSE
	EndGlobalSection
	GlobalSection(NestedProjects) = preSolution
		{A0389743-F8B1-4EB1-995D-EEBDE7A7BE93} = {3D888E8F-9024-4632-B8E8-55E5CD07DF18}
		{50B34A57-5F0E-45D7-A3C3-17F993D3D4C1} = {3D888E8F-9024-4632-B8E8-55E5CD07DF18}
		{08D701B6-7C6F-4F8F-96B3-70B80F44597E} = {B8F2BF88-28A1-4BA5-BC35-4CACD9D385B5}
		{D275B7EF-FD5D-4E42-8FB4-8D60EBAEAF46} = {B8F2BF88-28A1-4BA5-BC35-4CACD9D385B5}
		{910B1ED4-4A1C-4D0E-8790-D7C633E2B944} = {B8F2BF88-28A1-4BA5-BC35-4CACD9D385B5}
		{CC000D7A-AF76-4C1D-8C63-5C99031978CE} = {24C3C2C7-ABA7-4409-818C-E47407406D10}
	EndGlobalSection
	GlobalSection(ExtensibilityGlobals) = postSolution
		SolutionGuid = {20291D7D-E468-4396-A6E8-DF9876562119}
	EndGlobalSection
EndGlobal
